// !$*UTF8*$!
{
	archiveVersion = 1;
	classes = {
	};
	objectVersion = 46;
	objects = {

/* Begin PBXBuildFile section */
		03019F691D1396CD0009D5B4 /* ShareData.m in Sources */ = {isa = PBXBuildFile; fileRef = 03019F681D1396CD0009D5B4 /* ShareData.m */; };
		0305BD4F1D14E55F00FD242C /* IncomeCollection.m in Sources */ = {isa = PBXBuildFile; fileRef = 0305BD4E1D14E55F00FD242C /* IncomeCollection.m */; };
		0305BD521D14E57B00FD242C /* CostCollection.m in Sources */ = {isa = PBXBuildFile; fileRef = 0305BD511D14E57B00FD242C /* CostCollection.m */; };
		0305BD551D14E59D00FD242C /* TransferCollection.m in Sources */ = {isa = PBXBuildFile; fileRef = 0305BD541D14E59D00FD242C /* TransferCollection.m */; };
		0305BD601D1540E500FD242C /* CaculatorViewController.m in Sources */ = {isa = PBXBuildFile; fileRef = 0305BD5F1D1540E500FD242C /* CaculatorViewController.m */; };
		030CA12A1D13F5BD00457A29 /* lunch.storyboard in Resources */ = {isa = PBXBuildFile; fileRef = 030CA1291D13F5BD00457A29 /* lunch.storyboard */; };
		030CA12F1D144D2600457A29 /* KeyBoardView.m in Sources */ = {isa = PBXBuildFile; fileRef = 030CA12E1D144D2600457A29 /* KeyBoardView.m */; };
		0319E5AC1D0FE362000A79E3 /* main.m in Sources */ = {isa = PBXBuildFile; fileRef = 0319E5AB1D0FE362000A79E3 /* main.m */; };
		0319E5AF1D0FE362000A79E3 /* AppDelegate.m in Sources */ = {isa = PBXBuildFile; fileRef = 0319E5AE1D0FE362000A79E3 /* AppDelegate.m */; };
		0319E5EC1D0FE8A4000A79E3 /* MainViewController.m in Sources */ = {isa = PBXBuildFile; fileRef = 0319E5EB1D0FE8A4000A79E3 /* MainViewController.m */; };
		0319E5EF1D0FE8DB000A79E3 /* NewfeatureViewController.m in Sources */ = {isa = PBXBuildFile; fileRef = 0319E5EE1D0FE8DB000A79E3 /* NewfeatureViewController.m */; };
		0319E5F61D0FEA4D000A79E3 /* UIBarButtonItem+CustomItem.m in Sources */ = {isa = PBXBuildFile; fileRef = 0319E5F51D0FEA4D000A79E3 /* UIBarButtonItem+CustomItem.m */; };
		0319E5F91D0FED6E000A79E3 /* UIView+SetSize.m in Sources */ = {isa = PBXBuildFile; fileRef = 0319E5F81D0FED6E000A79E3 /* UIView+SetSize.m */; };
		0319E5FE1D10020F000A79E3 /* XTabBar.m in Sources */ = {isa = PBXBuildFile; fileRef = 0319E5FD1D10020F000A79E3 /* XTabBar.m */; };
		0339789E1D19850D00E9092A /* CoreDataRecord+CoreDataProperties.m in Sources */ = {isa = PBXBuildFile; fileRef = 0339789B1D19850D00E9092A /* CoreDataRecord+CoreDataProperties.m */; };
		0339789F1D19850D00E9092A /* CoreDataRecord.m in Sources */ = {isa = PBXBuildFile; fileRef = 0339789D1D19850D00E9092A /* CoreDataRecord.m */; };
		033978A61D19B5F100E9092A /* CoreDataManager.m in Sources */ = {isa = PBXBuildFile; fileRef = 033978A51D19B5F100E9092A /* CoreDataManager.m */; };
		035D16411D1283CC00BEBD97 /* DetailTable.m in Sources */ = {isa = PBXBuildFile; fileRef = 035D16401D1283CC00BEBD97 /* DetailTable.m */; };
		035D16441D12840000BEBD97 /* DetailScroll.m in Sources */ = {isa = PBXBuildFile; fileRef = 035D16431D12840000BEBD97 /* DetailScroll.m */; };
		035D16471D129C3500BEBD97 /* DetailCell.m in Sources */ = {isa = PBXBuildFile; fileRef = 035D16461D129C3500BEBD97 /* DetailCell.m */; };
		0381F0A41D265E7700324AE5 /* InputTextViewController.m in Sources */ = {isa = PBXBuildFile; fileRef = 0381F0A31D265E7700324AE5 /* InputTextViewController.m */; };
		0381F0A71D267FF700324AE5 /* RegistPage.m in Sources */ = {isa = PBXBuildFile; fileRef = 0381F0A61D267FF700324AE5 /* RegistPage.m */; };
		0381F0AA1D26805000324AE5 /* RegistPageSecondStep.m in Sources */ = {isa = PBXBuildFile; fileRef = 0381F0A91D26805000324AE5 /* RegistPageSecondStep.m */; };
		0381F0AD1D26806500324AE5 /* RegistPageThirdStep.m in Sources */ = {isa = PBXBuildFile; fileRef = 0381F0AC1D26806500324AE5 /* RegistPageThirdStep.m */; };
		0381F0B01D2682A900324AE5 /* AccountManagePage.m in Sources */ = {isa = PBXBuildFile; fileRef = 0381F0AF1D2682A900324AE5 /* AccountManagePage.m */; };
		0381F0B31D26878F00324AE5 /* LoginPage.m in Sources */ = {isa = PBXBuildFile; fileRef = 0381F0B21D26878F00324AE5 /* LoginPage.m */; };
		0381F0B61D26B5BB00324AE5 /* XAlertViewHelper.m in Sources */ = {isa = PBXBuildFile; fileRef = 0381F0B51D26B5BB00324AE5 /* XAlertViewHelper.m */; };
		039A0DF01D196050001FE4F5 /* account book copy-Info.plist in Resources */ = {isa = PBXBuildFile; fileRef = 039A0DEF1D196050001FE4F5 /* account book copy-Info.plist */; };
		03A3FBB91D103A480063A9EA /* AccountData.xcdatamodeld in Sources */ = {isa = PBXBuildFile; fileRef = 03A3FBB71D103A480063A9EA /* AccountData.xcdatamodeld */; };
		03A70E021D1A21BC007010B6 /* DescribePlist+CoreDataProperties.m in Sources */ = {isa = PBXBuildFile; fileRef = 03A70DFF1D1A21BC007010B6 /* DescribePlist+CoreDataProperties.m */; };
		03A70E031D1A21BC007010B6 /* DescribePlist.m in Sources */ = {isa = PBXBuildFile; fileRef = 03A70E011D1A21BC007010B6 /* DescribePlist.m */; };
		03BC14401D15833B00EE131C /* image in Resources */ = {isa = PBXBuildFile; fileRef = 03BC143F1D15833B00EE131C /* image */; };
		03BC14491D15A08E00EE131C /* NSObject+FileWithBundle.m in Sources */ = {isa = PBXBuildFile; fileRef = 03BC14481D15A08E00EE131C /* NSObject+FileWithBundle.m */; };
		03BC144C1D1629D900EE131C /* AccountRecordData.m in Sources */ = {isa = PBXBuildFile; fileRef = 03BC144B1D1629D900EE131C /* AccountRecordData.m */; };
		03BC144F1D162C3900EE131C /* Record.m in Sources */ = {isa = PBXBuildFile; fileRef = 03BC144E1D162C3900EE131C /* Record.m */; };
		03BC14521D1678B800EE131C /* DisplayView.m in Sources */ = {isa = PBXBuildFile; fileRef = 03BC14511D1678B800EE131C /* DisplayView.m */; };
		03D1E3B81D11865000B4EF21 /* AVOSCloud.framework in Frameworks */ = {isa = PBXBuildFile; fileRef = 03D1E3B51D11865000B4EF21 /* AVOSCloud.framework */; };
		03D1E3B91D11865000B4EF21 /* AVOSCloudCrashReporting.framework in Frameworks */ = {isa = PBXBuildFile; fileRef = 03D1E3B61D11865000B4EF21 /* AVOSCloudCrashReporting.framework */; };
		03D1E3BA1D11865000B4EF21 /* AVOSCloudIM.framework in Frameworks */ = {isa = PBXBuildFile; fileRef = 03D1E3B71D11865000B4EF21 /* AVOSCloudIM.framework */; };
		03D1E3BC1D11872B00B4EF21 /* SystemConfiguration.framework in Frameworks */ = {isa = PBXBuildFile; fileRef = 03D1E3BB1D11872B00B4EF21 /* SystemConfiguration.framework */; };
		03D1E3BE1D11873500B4EF21 /* MobileCoreServices.framework in Frameworks */ = {isa = PBXBuildFile; fileRef = 03D1E3BD1D11873500B4EF21 /* MobileCoreServices.framework */; };
		03D1E3C01D11874400B4EF21 /* CoreTelephony.framework in Frameworks */ = {isa = PBXBuildFile; fileRef = 03D1E3BF1D11874400B4EF21 /* CoreTelephony.framework */; };
		03D1E3C21D11874C00B4EF21 /* CoreLocation.framework in Frameworks */ = {isa = PBXBuildFile; fileRef = 03D1E3C11D11874C00B4EF21 /* CoreLocation.framework */; };
		03D1E3CC1D11A47800B4EF21 /* Assets.xcassets in Resources */ = {isa = PBXBuildFile; fileRef = 03D1E3CB1D11A47800B4EF21 /* Assets.xcassets */; };
		03E0651A1D10204600030F17 /* MineViewController.m in Sources */ = {isa = PBXBuildFile; fileRef = 03E065191D10204600030F17 /* MineViewController.m */; };
		03E0651D1D10207100030F17 /* WalletViewController.m in Sources */ = {isa = PBXBuildFile; fileRef = 03E0651C1D10207100030F17 /* WalletViewController.m */; };
		03E065201D10208200030F17 /* DetailViewController.m in Sources */ = {isa = PBXBuildFile; fileRef = 03E0651F1D10208200030F17 /* DetailViewController.m */; };
		03E065231D10209000030F17 /* AddOneViewController.m in Sources */ = {isa = PBXBuildFile; fileRef = 03E065221D10209000030F17 /* AddOneViewController.m */; };
		03E065261D1020A100030F17 /* GraphViewController.m in Sources */ = {isa = PBXBuildFile; fileRef = 03E065251D1020A100030F17 /* GraphViewController.m */; };
		03E065291D1021C800030F17 /* XNavigationController.m in Sources */ = {isa = PBXBuildFile; fileRef = 03E065281D1021C800030F17 /* XNavigationController.m */; };
		03F369C21D16EDCD005DBFA5 /* type.plist in Resources */ = {isa = PBXBuildFile; fileRef = 03F369C11D16EDCD005DBFA5 /* type.plist */; };
		03F369C51D16F205005DBFA5 /* CustomCollectionViewCell.m in Sources */ = {isa = PBXBuildFile; fileRef = 03F369C41D16F205005DBFA5 /* CustomCollectionViewCell.m */; };
		03FB470A1D1A4AF2005585DB /* CostDescribe+CoreDataProperties.m in Sources */ = {isa = PBXBuildFile; fileRef = 03FB47031D1A4AF2005585DB /* CostDescribe+CoreDataProperties.m */; };
		03FB470B1D1A4AF2005585DB /* CostDescribe.m in Sources */ = {isa = PBXBuildFile; fileRef = 03FB47051D1A4AF2005585DB /* CostDescribe.m */; };
		03FB470C1D1A4AF2005585DB /* IncomeDescribe+CoreDataProperties.m in Sources */ = {isa = PBXBuildFile; fileRef = 03FB47071D1A4AF2005585DB /* IncomeDescribe+CoreDataProperties.m */; };
		03FB470D1D1A4AF2005585DB /* IncomeDescribe.m in Sources */ = {isa = PBXBuildFile; fileRef = 03FB47091D1A4AF2005585DB /* IncomeDescribe.m */; };
		8A7FB5011D180E7D00F75469 /* 1.jpg in Resources */ = {isa = PBXBuildFile; fileRef = 8A7FB5001D180E7D00F75469 /* 1.jpg */; };
/* End PBXBuildFile section */

/* Begin PBXFileReference section */
		03019F671D1396CD0009D5B4 /* ShareData.h */ = {isa = PBXFileReference; fileEncoding = 4; lastKnownFileType = sourcecode.c.h; path = ShareData.h; sourceTree = "<group>"; };
		03019F681D1396CD0009D5B4 /* ShareData.m */ = {isa = PBXFileReference; fileEncoding = 4; lastKnownFileType = sourcecode.c.objc; path = ShareData.m; sourceTree = "<group>"; };
		0305BD4D1D14E55F00FD242C /* IncomeCollection.h */ = {isa = PBXFileReference; fileEncoding = 4; lastKnownFileType = sourcecode.c.h; path = IncomeCollection.h; sourceTree = "<group>"; };
		0305BD4E1D14E55F00FD242C /* IncomeCollection.m */ = {isa = PBXFileReference; fileEncoding = 4; lastKnownFileType = sourcecode.c.objc; path = IncomeCollection.m; sourceTree = "<group>"; };
		0305BD501D14E57B00FD242C /* CostCollection.h */ = {isa = PBXFileReference; fileEncoding = 4; lastKnownFileType = sourcecode.c.h; path = CostCollection.h; sourceTree = "<group>"; };
		0305BD511D14E57B00FD242C /* CostCollection.m */ = {isa = PBXFileReference; fileEncoding = 4; lastKnownFileType = sourcecode.c.objc; path = CostCollection.m; sourceTree = "<group>"; };
		0305BD531D14E59D00FD242C /* TransferCollection.h */ = {isa = PBXFileReference; fileEncoding = 4; lastKnownFileType = sourcecode.c.h; path = TransferCollection.h; sourceTree = "<group>"; };
		0305BD541D14E59D00FD242C /* TransferCollection.m */ = {isa = PBXFileReference; fileEncoding = 4; lastKnownFileType = sourcecode.c.objc; path = TransferCollection.m; sourceTree = "<group>"; };
		0305BD5E1D1540E500FD242C /* CaculatorViewController.h */ = {isa = PBXFileReference; fileEncoding = 4; lastKnownFileType = sourcecode.c.h; path = CaculatorViewController.h; sourceTree = "<group>"; };
		0305BD5F1D1540E500FD242C /* CaculatorViewController.m */ = {isa = PBXFileReference; fileEncoding = 4; lastKnownFileType = sourcecode.c.objc; path = CaculatorViewController.m; sourceTree = "<group>"; };
		030CA1291D13F5BD00457A29 /* lunch.storyboard */ = {isa = PBXFileReference; fileEncoding = 4; lastKnownFileType = file.storyboard; path = lunch.storyboard; sourceTree = "<group>"; };
		030CA12D1D144D2600457A29 /* KeyBoardView.h */ = {isa = PBXFileReference; fileEncoding = 4; lastKnownFileType = sourcecode.c.h; path = KeyBoardView.h; sourceTree = "<group>"; };
		030CA12E1D144D2600457A29 /* KeyBoardView.m */ = {isa = PBXFileReference; fileEncoding = 4; lastKnownFileType = sourcecode.c.objc; path = KeyBoardView.m; sourceTree = "<group>"; };
		0319E5A71D0FE361000A79E3 /* account book.app */ = {isa = PBXFileReference; explicitFileType = wrapper.application; includeInIndex = 0; path = "account book.app"; sourceTree = BUILT_PRODUCTS_DIR; };
		0319E5AB1D0FE362000A79E3 /* main.m */ = {isa = PBXFileReference; lastKnownFileType = sourcecode.c.objc; path = main.m; sourceTree = "<group>"; };
		0319E5AD1D0FE362000A79E3 /* AppDelegate.h */ = {isa = PBXFileReference; lastKnownFileType = sourcecode.c.h; path = AppDelegate.h; sourceTree = "<group>"; };
		0319E5AE1D0FE362000A79E3 /* AppDelegate.m */ = {isa = PBXFileReference; lastKnownFileType = sourcecode.c.objc; path = AppDelegate.m; sourceTree = "<group>"; };
		0319E5EA1D0FE8A4000A79E3 /* MainViewController.h */ = {isa = PBXFileReference; fileEncoding = 4; lastKnownFileType = sourcecode.c.h; path = MainViewController.h; sourceTree = "<group>"; };
		0319E5EB1D0FE8A4000A79E3 /* MainViewController.m */ = {isa = PBXFileReference; fileEncoding = 4; lastKnownFileType = sourcecode.c.objc; path = MainViewController.m; sourceTree = "<group>"; };
		0319E5ED1D0FE8DB000A79E3 /* NewfeatureViewController.h */ = {isa = PBXFileReference; fileEncoding = 4; lastKnownFileType = sourcecode.c.h; path = NewfeatureViewController.h; sourceTree = "<group>"; };
		0319E5EE1D0FE8DB000A79E3 /* NewfeatureViewController.m */ = {isa = PBXFileReference; fileEncoding = 4; lastKnownFileType = sourcecode.c.objc; path = NewfeatureViewController.m; sourceTree = "<group>"; };
		0319E5F41D0FEA4D000A79E3 /* UIBarButtonItem+CustomItem.h */ = {isa = PBXFileReference; fileEncoding = 4; lastKnownFileType = sourcecode.c.h; path = "UIBarButtonItem+CustomItem.h"; sourceTree = "<group>"; };
		0319E5F51D0FEA4D000A79E3 /* UIBarButtonItem+CustomItem.m */ = {isa = PBXFileReference; fileEncoding = 4; lastKnownFileType = sourcecode.c.objc; path = "UIBarButtonItem+CustomItem.m"; sourceTree = "<group>"; };
		0319E5F71D0FED6E000A79E3 /* UIView+SetSize.h */ = {isa = PBXFileReference; fileEncoding = 4; lastKnownFileType = sourcecode.c.h; path = "UIView+SetSize.h"; sourceTree = "<group>"; };
		0319E5F81D0FED6E000A79E3 /* UIView+SetSize.m */ = {isa = PBXFileReference; fileEncoding = 4; lastKnownFileType = sourcecode.c.objc; path = "UIView+SetSize.m"; sourceTree = "<group>"; };
		0319E5FB1D0FF65B000A79E3 /* PrefixHeader.pch */ = {isa = PBXFileReference; lastKnownFileType = sourcecode.c.h; path = PrefixHeader.pch; sourceTree = "<group>"; };
		0319E5FC1D10020F000A79E3 /* XTabBar.h */ = {isa = PBXFileReference; fileEncoding = 4; lastKnownFileType = sourcecode.c.h; path = XTabBar.h; sourceTree = "<group>"; };
		0319E5FD1D10020F000A79E3 /* XTabBar.m */ = {isa = PBXFileReference; fileEncoding = 4; lastKnownFileType = sourcecode.c.objc; path = XTabBar.m; sourceTree = "<group>"; };
		0339789A1D19850D00E9092A /* CoreDataRecord+CoreDataProperties.h */ = {isa = PBXFileReference; fileEncoding = 4; lastKnownFileType = sourcecode.c.h; name = "CoreDataRecord+CoreDataProperties.h"; path = "../../../../CoreDataRecord+CoreDataProperties.h"; sourceTree = "<group>"; };
		0339789B1D19850D00E9092A /* CoreDataRecord+CoreDataProperties.m */ = {isa = PBXFileReference; fileEncoding = 4; lastKnownFileType = sourcecode.c.objc; name = "CoreDataRecord+CoreDataProperties.m"; path = "../../../../CoreDataRecord+CoreDataProperties.m"; sourceTree = "<group>"; };
		0339789C1D19850D00E9092A /* CoreDataRecord.h */ = {isa = PBXFileReference; fileEncoding = 4; lastKnownFileType = sourcecode.c.h; name = CoreDataRecord.h; path = ../../../../CoreDataRecord.h; sourceTree = "<group>"; };
		0339789D1D19850D00E9092A /* CoreDataRecord.m */ = {isa = PBXFileReference; fileEncoding = 4; lastKnownFileType = sourcecode.c.objc; name = CoreDataRecord.m; path = ../../../../CoreDataRecord.m; sourceTree = "<group>"; };
		033978A11D19B2C500E9092A /* CoreDataManager.h */ = {isa = PBXFileReference; fileEncoding = 4; lastKnownFileType = sourcecode.c.h; path = CoreDataManager.h; sourceTree = "<group>"; };
		033978A51D19B5F100E9092A /* CoreDataManager.m */ = {isa = PBXFileReference; fileEncoding = 4; lastKnownFileType = sourcecode.c.objc; path = CoreDataManager.m; sourceTree = "<group>"; };
		035D163F1D1283CC00BEBD97 /* DetailTable.h */ = {isa = PBXFileReference; fileEncoding = 4; lastKnownFileType = sourcecode.c.h; path = DetailTable.h; sourceTree = "<group>"; };
		035D16401D1283CC00BEBD97 /* DetailTable.m */ = {isa = PBXFileReference; fileEncoding = 4; lastKnownFileType = sourcecode.c.objc; path = DetailTable.m; sourceTree = "<group>"; };
		035D16421D12840000BEBD97 /* DetailScroll.h */ = {isa = PBXFileReference; fileEncoding = 4; lastKnownFileType = sourcecode.c.h; path = DetailScroll.h; sourceTree = "<group>"; };
		035D16431D12840000BEBD97 /* DetailScroll.m */ = {isa = PBXFileReference; fileEncoding = 4; lastKnownFileType = sourcecode.c.objc; path = DetailScroll.m; sourceTree = "<group>"; };
		035D16451D129C3500BEBD97 /* DetailCell.h */ = {isa = PBXFileReference; fileEncoding = 4; lastKnownFileType = sourcecode.c.h; path = DetailCell.h; sourceTree = "<group>"; };
		035D16461D129C3500BEBD97 /* DetailCell.m */ = {isa = PBXFileReference; fileEncoding = 4; lastKnownFileType = sourcecode.c.objc; path = DetailCell.m; sourceTree = "<group>"; };
		0381F0A21D265E7700324AE5 /* InputTextViewController.h */ = {isa = PBXFileReference; fileEncoding = 4; lastKnownFileType = sourcecode.c.h; path = InputTextViewController.h; sourceTree = "<group>"; };
		0381F0A31D265E7700324AE5 /* InputTextViewController.m */ = {isa = PBXFileReference; fileEncoding = 4; lastKnownFileType = sourcecode.c.objc; path = InputTextViewController.m; sourceTree = "<group>"; };
		0381F0A51D267FF700324AE5 /* RegistPage.h */ = {isa = PBXFileReference; fileEncoding = 4; lastKnownFileType = sourcecode.c.h; path = RegistPage.h; sourceTree = "<group>"; };
		0381F0A61D267FF700324AE5 /* RegistPage.m */ = {isa = PBXFileReference; fileEncoding = 4; lastKnownFileType = sourcecode.c.objc; path = RegistPage.m; sourceTree = "<group>"; };
		0381F0A81D26805000324AE5 /* RegistPageSecondStep.h */ = {isa = PBXFileReference; fileEncoding = 4; lastKnownFileType = sourcecode.c.h; path = RegistPageSecondStep.h; sourceTree = "<group>"; };
		0381F0A91D26805000324AE5 /* RegistPageSecondStep.m */ = {isa = PBXFileReference; fileEncoding = 4; lastKnownFileType = sourcecode.c.objc; path = RegistPageSecondStep.m; sourceTree = "<group>"; };
		0381F0AB1D26806500324AE5 /* RegistPageThirdStep.h */ = {isa = PBXFileReference; fileEncoding = 4; lastKnownFileType = sourcecode.c.h; path = RegistPageThirdStep.h; sourceTree = "<group>"; };
		0381F0AC1D26806500324AE5 /* RegistPageThirdStep.m */ = {isa = PBXFileReference; fileEncoding = 4; lastKnownFileType = sourcecode.c.objc; path = RegistPageThirdStep.m; sourceTree = "<group>"; };
		0381F0AE1D2682A900324AE5 /* AccountManagePage.h */ = {isa = PBXFileReference; fileEncoding = 4; lastKnownFileType = sourcecode.c.h; path = AccountManagePage.h; sourceTree = "<group>"; };
		0381F0AF1D2682A900324AE5 /* AccountManagePage.m */ = {isa = PBXFileReference; fileEncoding = 4; lastKnownFileType = sourcecode.c.objc; path = AccountManagePage.m; sourceTree = "<group>"; };
		0381F0B11D26878F00324AE5 /* LoginPage.h */ = {isa = PBXFileReference; fileEncoding = 4; lastKnownFileType = sourcecode.c.h; path = LoginPage.h; sourceTree = "<group>"; };
		0381F0B21D26878F00324AE5 /* LoginPage.m */ = {isa = PBXFileReference; fileEncoding = 4; lastKnownFileType = sourcecode.c.objc; path = LoginPage.m; sourceTree = "<group>"; };
		0381F0B41D26B5BB00324AE5 /* XAlertViewHelper.h */ = {isa = PBXFileReference; fileEncoding = 4; lastKnownFileType = sourcecode.c.h; path = XAlertViewHelper.h; sourceTree = "<group>"; };
		0381F0B51D26B5BB00324AE5 /* XAlertViewHelper.m */ = {isa = PBXFileReference; fileEncoding = 4; lastKnownFileType = sourcecode.c.objc; path = XAlertViewHelper.m; sourceTree = "<group>"; };
		039A0DEF1D196050001FE4F5 /* account book copy-Info.plist */ = {isa = PBXFileReference; fileEncoding = 4; lastKnownFileType = text.plist.xml; path = "account book copy-Info.plist"; sourceTree = "<group>"; };
		03A3FBB81D103A480063A9EA /* AccountData.xcdatamodel */ = {isa = PBXFileReference; lastKnownFileType = wrapper.xcdatamodel; path = AccountData.xcdatamodel; sourceTree = "<group>"; };
		03A70DFE1D1A21BC007010B6 /* DescribePlist+CoreDataProperties.h */ = {isa = PBXFileReference; fileEncoding = 4; lastKnownFileType = sourcecode.c.h; name = "DescribePlist+CoreDataProperties.h"; path = "../../../DescribePlist+CoreDataProperties.h"; sourceTree = "<group>"; };
		03A70DFF1D1A21BC007010B6 /* DescribePlist+CoreDataProperties.m */ = {isa = PBXFileReference; fileEncoding = 4; lastKnownFileType = sourcecode.c.objc; name = "DescribePlist+CoreDataProperties.m"; path = "../../../DescribePlist+CoreDataProperties.m"; sourceTree = "<group>"; };
		03A70E001D1A21BC007010B6 /* DescribePlist.h */ = {isa = PBXFileReference; fileEncoding = 4; lastKnownFileType = sourcecode.c.h; name = DescribePlist.h; path = ../../../DescribePlist.h; sourceTree = "<group>"; };
		03A70E011D1A21BC007010B6 /* DescribePlist.m */ = {isa = PBXFileReference; fileEncoding = 4; lastKnownFileType = sourcecode.c.objc; name = DescribePlist.m; path = ../../../DescribePlist.m; sourceTree = "<group>"; };
		03A70E071D1A255C007010B6 /* Header.h */ = {isa = PBXFileReference; lastKnownFileType = sourcecode.c.h; path = Header.h; sourceTree = "<group>"; };
		03BC143F1D15833B00EE131C /* image */ = {isa = PBXFileReference; lastKnownFileType = folder; path = image; sourceTree = "<group>"; };
		03BC14471D15A08E00EE131C /* NSObject+FileWithBundle.h */ = {isa = PBXFileReference; fileEncoding = 4; lastKnownFileType = sourcecode.c.h; path = "NSObject+FileWithBundle.h"; sourceTree = "<group>"; };
		03BC14481D15A08E00EE131C /* NSObject+FileWithBundle.m */ = {isa = PBXFileReference; fileEncoding = 4; lastKnownFileType = sourcecode.c.objc; path = "NSObject+FileWithBundle.m"; sourceTree = "<group>"; };
		03BC144A1D1629D900EE131C /* AccountRecordData.h */ = {isa = PBXFileReference; fileEncoding = 4; lastKnownFileType = sourcecode.c.h; path = AccountRecordData.h; sourceTree = "<group>"; };
		03BC144B1D1629D900EE131C /* AccountRecordData.m */ = {isa = PBXFileReference; fileEncoding = 4; lastKnownFileType = sourcecode.c.objc; path = AccountRecordData.m; sourceTree = "<group>"; };
		03BC144D1D162C3900EE131C /* Record.h */ = {isa = PBXFileReference; fileEncoding = 4; lastKnownFileType = sourcecode.c.h; path = Record.h; sourceTree = "<group>"; };
		03BC144E1D162C3900EE131C /* Record.m */ = {isa = PBXFileReference; fileEncoding = 4; lastKnownFileType = sourcecode.c.objc; path = Record.m; sourceTree = "<group>"; };
		03BC14501D1678B800EE131C /* DisplayView.h */ = {isa = PBXFileReference; fileEncoding = 4; lastKnownFileType = sourcecode.c.h; path = DisplayView.h; sourceTree = "<group>"; };
		03BC14511D1678B800EE131C /* DisplayView.m */ = {isa = PBXFileReference; fileEncoding = 4; lastKnownFileType = sourcecode.c.objc; path = DisplayView.m; sourceTree = "<group>"; };
		03D1E3B51D11865000B4EF21 /* AVOSCloud.framework */ = {isa = PBXFileReference; lastKnownFileType = wrapper.framework; path = AVOSCloud.framework; sourceTree = "<group>"; };
		03D1E3B61D11865000B4EF21 /* AVOSCloudCrashReporting.framework */ = {isa = PBXFileReference; lastKnownFileType = wrapper.framework; path = AVOSCloudCrashReporting.framework; sourceTree = "<group>"; };
		03D1E3B71D11865000B4EF21 /* AVOSCloudIM.framework */ = {isa = PBXFileReference; lastKnownFileType = wrapper.framework; path = AVOSCloudIM.framework; sourceTree = "<group>"; };
		03D1E3BB1D11872B00B4EF21 /* SystemConfiguration.framework */ = {isa = PBXFileReference; lastKnownFileType = wrapper.framework; name = SystemConfiguration.framework; path = System/Library/Frameworks/SystemConfiguration.framework; sourceTree = SDKROOT; };
		03D1E3BD1D11873500B4EF21 /* MobileCoreServices.framework */ = {isa = PBXFileReference; lastKnownFileType = wrapper.framework; name = MobileCoreServices.framework; path = System/Library/Frameworks/MobileCoreServices.framework; sourceTree = SDKROOT; };
		03D1E3BF1D11874400B4EF21 /* CoreTelephony.framework */ = {isa = PBXFileReference; lastKnownFileType = wrapper.framework; name = CoreTelephony.framework; path = System/Library/Frameworks/CoreTelephony.framework; sourceTree = SDKROOT; };
		03D1E3C11D11874C00B4EF21 /* CoreLocation.framework */ = {isa = PBXFileReference; lastKnownFileType = wrapper.framework; name = CoreLocation.framework; path = System/Library/Frameworks/CoreLocation.framework; sourceTree = SDKROOT; };
		03D1E3CB1D11A47800B4EF21 /* Assets.xcassets */ = {isa = PBXFileReference; lastKnownFileType = folder.assetcatalog; name = Assets.xcassets; path = ../Assets.xcassets; sourceTree = "<group>"; };
		03E065181D10204600030F17 /* MineViewController.h */ = {isa = PBXFileReference; fileEncoding = 4; lastKnownFileType = sourcecode.c.h; path = MineViewController.h; sourceTree = "<group>"; };
		03E065191D10204600030F17 /* MineViewController.m */ = {isa = PBXFileReference; fileEncoding = 4; lastKnownFileType = sourcecode.c.objc; path = MineViewController.m; sourceTree = "<group>"; };
		03E0651B1D10207100030F17 /* WalletViewController.h */ = {isa = PBXFileReference; fileEncoding = 4; lastKnownFileType = sourcecode.c.h; path = WalletViewController.h; sourceTree = "<group>"; };
		03E0651C1D10207100030F17 /* WalletViewController.m */ = {isa = PBXFileReference; fileEncoding = 4; lastKnownFileType = sourcecode.c.objc; path = WalletViewController.m; sourceTree = "<group>"; };
		03E0651E1D10208200030F17 /* DetailViewController.h */ = {isa = PBXFileReference; fileEncoding = 4; lastKnownFileType = sourcecode.c.h; path = DetailViewController.h; sourceTree = "<group>"; };
		03E0651F1D10208200030F17 /* DetailViewController.m */ = {isa = PBXFileReference; fileEncoding = 4; lastKnownFileType = sourcecode.c.objc; path = DetailViewController.m; sourceTree = "<group>"; };
		03E065211D10209000030F17 /* AddOneViewController.h */ = {isa = PBXFileReference; fileEncoding = 4; lastKnownFileType = sourcecode.c.h; path = AddOneViewController.h; sourceTree = "<group>"; };
		03E065221D10209000030F17 /* AddOneViewController.m */ = {isa = PBXFileReference; fileEncoding = 4; lastKnownFileType = sourcecode.c.objc; path = AddOneViewController.m; sourceTree = "<group>"; };
		03E065241D1020A100030F17 /* GraphViewController.h */ = {isa = PBXFileReference; fileEncoding = 4; lastKnownFileType = sourcecode.c.h; path = GraphViewController.h; sourceTree = "<group>"; };
		03E065251D1020A100030F17 /* GraphViewController.m */ = {isa = PBXFileReference; fileEncoding = 4; lastKnownFileType = sourcecode.c.objc; path = GraphViewController.m; sourceTree = "<group>"; };
		03E065271D1021C800030F17 /* XNavigationController.h */ = {isa = PBXFileReference; fileEncoding = 4; lastKnownFileType = sourcecode.c.h; path = XNavigationController.h; sourceTree = "<group>"; };
		03E065281D1021C800030F17 /* XNavigationController.m */ = {isa = PBXFileReference; fileEncoding = 4; lastKnownFileType = sourcecode.c.objc; path = XNavigationController.m; sourceTree = "<group>"; };
		03F369C11D16EDCD005DBFA5 /* type.plist */ = {isa = PBXFileReference; fileEncoding = 4; lastKnownFileType = text.plist.xml; path = type.plist; sourceTree = "<group>"; };
		03F369C31D16F205005DBFA5 /* CustomCollectionViewCell.h */ = {isa = PBXFileReference; fileEncoding = 4; lastKnownFileType = sourcecode.c.h; path = CustomCollectionViewCell.h; sourceTree = "<group>"; };
		03F369C41D16F205005DBFA5 /* CustomCollectionViewCell.m */ = {isa = PBXFileReference; fileEncoding = 4; lastKnownFileType = sourcecode.c.objc; path = CustomCollectionViewCell.m; sourceTree = "<group>"; };
		03FB47021D1A4AF2005585DB /* CostDescribe+CoreDataProperties.h */ = {isa = PBXFileReference; fileEncoding = 4; lastKnownFileType = sourcecode.c.h; name = "CostDescribe+CoreDataProperties.h"; path = "../../../CostDescribe+CoreDataProperties.h"; sourceTree = "<group>"; };
		03FB47031D1A4AF2005585DB /* CostDescribe+CoreDataProperties.m */ = {isa = PBXFileReference; fileEncoding = 4; lastKnownFileType = sourcecode.c.objc; name = "CostDescribe+CoreDataProperties.m"; path = "../../../CostDescribe+CoreDataProperties.m"; sourceTree = "<group>"; };
		03FB47041D1A4AF2005585DB /* CostDescribe.h */ = {isa = PBXFileReference; fileEncoding = 4; lastKnownFileType = sourcecode.c.h; name = CostDescribe.h; path = ../../../CostDescribe.h; sourceTree = "<group>"; };
		03FB47051D1A4AF2005585DB /* CostDescribe.m */ = {isa = PBXFileReference; fileEncoding = 4; lastKnownFileType = sourcecode.c.objc; name = CostDescribe.m; path = ../../../CostDescribe.m; sourceTree = "<group>"; };
		03FB47061D1A4AF2005585DB /* IncomeDescribe+CoreDataProperties.h */ = {isa = PBXFileReference; fileEncoding = 4; lastKnownFileType = sourcecode.c.h; name = "IncomeDescribe+CoreDataProperties.h"; path = "../../../IncomeDescribe+CoreDataProperties.h"; sourceTree = "<group>"; };
		03FB47071D1A4AF2005585DB /* IncomeDescribe+CoreDataProperties.m */ = {isa = PBXFileReference; fileEncoding = 4; lastKnownFileType = sourcecode.c.objc; name = "IncomeDescribe+CoreDataProperties.m"; path = "../../../IncomeDescribe+CoreDataProperties.m"; sourceTree = "<group>"; };
		03FB47081D1A4AF2005585DB /* IncomeDescribe.h */ = {isa = PBXFileReference; fileEncoding = 4; lastKnownFileType = sourcecode.c.h; name = IncomeDescribe.h; path = ../../../IncomeDescribe.h; sourceTree = "<group>"; };
		03FB47091D1A4AF2005585DB /* IncomeDescribe.m */ = {isa = PBXFileReference; fileEncoding = 4; lastKnownFileType = sourcecode.c.objc; name = IncomeDescribe.m; path = ../../../IncomeDescribe.m; sourceTree = "<group>"; };
		8A7FB5001D180E7D00F75469 /* 1.jpg */ = {isa = PBXFileReference; lastKnownFileType = image.jpeg; name = 1.jpg; path = "account book/image/other/1.jpg"; sourceTree = "<group>"; };
/* End PBXFileReference section */

/* Begin PBXFrameworksBuildPhase section */
		0319E5A41D0FE361000A79E3 /* Frameworks */ = {
			isa = PBXFrameworksBuildPhase;
			buildActionMask = 2147483647;
			files = (
				03D1E3C21D11874C00B4EF21 /* CoreLocation.framework in Frameworks */,
				03D1E3C01D11874400B4EF21 /* CoreTelephony.framework in Frameworks */,
				03D1E3BE1D11873500B4EF21 /* MobileCoreServices.framework in Frameworks */,
				03D1E3BC1D11872B00B4EF21 /* SystemConfiguration.framework in Frameworks */,
				03D1E3B91D11865000B4EF21 /* AVOSCloudCrashReporting.framework in Frameworks */,
				03D1E3B81D11865000B4EF21 /* AVOSCloud.framework in Frameworks */,
				03D1E3BA1D11865000B4EF21 /* AVOSCloudIM.framework in Frameworks */,
			);
			runOnlyForDeploymentPostprocessing = 0;
		};
/* End PBXFrameworksBuildPhase section */

/* Begin PBXGroup section */
		0319E59E1D0FE361000A79E3 = {
			isa = PBXGroup;
			children = (
				03A70E071D1A255C007010B6 /* Header.h */,
				8A7FB5001D180E7D00F75469 /* 1.jpg */,
				03D1E3B41D11861A00B4EF21 /* FrameWorks */,
				0319E5A91D0FE362000A79E3 /* account book */,
				0319E5A81D0FE361000A79E3 /* Products */,
			);
			sourceTree = "<group>";
		};
		0319E5A81D0FE361000A79E3 /* Products */ = {
			isa = PBXGroup;
			children = (
				0319E5A71D0FE361000A79E3 /* account book.app */,
			);
			name = Products;
			sourceTree = "<group>";
		};
		0319E5A91D0FE362000A79E3 /* account book */ = {
			isa = PBXGroup;
			children = (
				0319E5C71D0FE748000A79E3 /* Classes */,
				0319E5AD1D0FE362000A79E3 /* AppDelegate.h */,
				0319E5AE1D0FE362000A79E3 /* AppDelegate.m */,
				0319E5FB1D0FF65B000A79E3 /* PrefixHeader.pch */,
				030CA1291D13F5BD00457A29 /* lunch.storyboard */,
				03A3FBB71D103A480063A9EA /* AccountData.xcdatamodeld */,
				0319E5AA1D0FE362000A79E3 /* Supporting Files */,
			);
			path = "account book";
			sourceTree = "<group>";
		};
		0319E5AA1D0FE362000A79E3 /* Supporting Files */ = {
			isa = PBXGroup;
			children = (
				03BC143F1D15833B00EE131C /* image */,
				03D1E3CB1D11A47800B4EF21 /* Assets.xcassets */,
				0319E5AB1D0FE362000A79E3 /* main.m */,
				039A0DEF1D196050001FE4F5 /* account book copy-Info.plist */,
				03F369C11D16EDCD005DBFA5 /* type.plist */,
			);
			name = "Supporting Files";
			sourceTree = "<group>";
		};
		0319E5C71D0FE748000A79E3 /* Classes */ = {
			isa = PBXGroup;
			children = (
				0319E5C81D0FE748000A79E3 /* AddOne */,
				0319E5CC1D0FE748000A79E3 /* Detail */,
				0319E5D01D0FE748000A79E3 /* Graph */,
				0319E5D41D0FE748000A79E3 /* Main */,
				0319E5D51D0FE748000A79E3 /* Mine */,
				0319E5D91D0FE748000A79E3 /* Temp */,
				0319E5DA1D0FE748000A79E3 /* CoreData */,
				0319E5DE1D0FE748000A79E3 /* Wallet */,
			);
			path = Classes;
			sourceTree = "<group>";
		};
		0319E5C81D0FE748000A79E3 /* AddOne */ = {
			isa = PBXGroup;
			children = (
				0319E5C91D0FE748000A79E3 /* Controller */,
				0319E5CA1D0FE748000A79E3 /* Model */,
				0319E5CB1D0FE748000A79E3 /* View */,
			);
			path = AddOne;
			sourceTree = "<group>";
		};
		0319E5C91D0FE748000A79E3 /* Controller */ = {
			isa = PBXGroup;
			children = (
				03E065211D10209000030F17 /* AddOneViewController.h */,
				03E065221D10209000030F17 /* AddOneViewController.m */,
			);
			path = Controller;
			sourceTree = "<group>";
		};
		0319E5CA1D0FE748000A79E3 /* Model */ = {
			isa = PBXGroup;
			children = (
				033978A11D19B2C500E9092A /* CoreDataManager.h */,
				033978A51D19B5F100E9092A /* CoreDataManager.m */,
				03BC144A1D1629D900EE131C /* AccountRecordData.h */,
				03BC144B1D1629D900EE131C /* AccountRecordData.m */,
				03BC144D1D162C3900EE131C /* Record.h */,
				03BC144E1D162C3900EE131C /* Record.m */,
			);
			path = Model;
			sourceTree = "<group>";
		};
		0319E5CB1D0FE748000A79E3 /* View */ = {
			isa = PBXGroup;
			children = (
				030CA12D1D144D2600457A29 /* KeyBoardView.h */,
				030CA12E1D144D2600457A29 /* KeyBoardView.m */,
				0305BD4D1D14E55F00FD242C /* IncomeCollection.h */,
				0305BD4E1D14E55F00FD242C /* IncomeCollection.m */,
				0305BD501D14E57B00FD242C /* CostCollection.h */,
				0305BD511D14E57B00FD242C /* CostCollection.m */,
				0305BD531D14E59D00FD242C /* TransferCollection.h */,
				0305BD541D14E59D00FD242C /* TransferCollection.m */,
				0305BD5E1D1540E500FD242C /* CaculatorViewController.h */,
				0305BD5F1D1540E500FD242C /* CaculatorViewController.m */,
				03BC14501D1678B800EE131C /* DisplayView.h */,
				03BC14511D1678B800EE131C /* DisplayView.m */,
				03F369C31D16F205005DBFA5 /* CustomCollectionViewCell.h */,
				03F369C41D16F205005DBFA5 /* CustomCollectionViewCell.m */,
			);
			path = View;
			sourceTree = "<group>";
		};
		0319E5CC1D0FE748000A79E3 /* Detail */ = {
			isa = PBXGroup;
			children = (
				0319E5CD1D0FE748000A79E3 /* Controller */,
				0319E5CE1D0FE748000A79E3 /* Model */,
				0319E5CF1D0FE748000A79E3 /* View */,
			);
			path = Detail;
			sourceTree = "<group>";
		};
		0319E5CD1D0FE748000A79E3 /* Controller */ = {
			isa = PBXGroup;
			children = (
				03E0651E1D10208200030F17 /* DetailViewController.h */,
				03E0651F1D10208200030F17 /* DetailViewController.m */,
			);
			path = Controller;
			sourceTree = "<group>";
		};
		0319E5CE1D0FE748000A79E3 /* Model */ = {
			isa = PBXGroup;
			children = (
			);
			path = Model;
			sourceTree = "<group>";
		};
		0319E5CF1D0FE748000A79E3 /* View */ = {
			isa = PBXGroup;
			children = (
				035D163F1D1283CC00BEBD97 /* DetailTable.h */,
				035D16401D1283CC00BEBD97 /* DetailTable.m */,
				035D16421D12840000BEBD97 /* DetailScroll.h */,
				035D16431D12840000BEBD97 /* DetailScroll.m */,
				035D16451D129C3500BEBD97 /* DetailCell.h */,
				035D16461D129C3500BEBD97 /* DetailCell.m */,
			);
			path = View;
			sourceTree = "<group>";
		};
		0319E5D01D0FE748000A79E3 /* Graph */ = {
			isa = PBXGroup;
			children = (
				0319E5D11D0FE748000A79E3 /* Controller */,
				0319E5D21D0FE748000A79E3 /* Model */,
				0319E5D31D0FE748000A79E3 /* View */,
			);
			path = Graph;
			sourceTree = "<group>";
		};
		0319E5D11D0FE748000A79E3 /* Controller */ = {
			isa = PBXGroup;
			children = (
				03E065241D1020A100030F17 /* GraphViewController.h */,
				03E065251D1020A100030F17 /* GraphViewController.m */,
			);
			path = Controller;
			sourceTree = "<group>";
		};
		0319E5D21D0FE748000A79E3 /* Model */ = {
			isa = PBXGroup;
			children = (
			);
			path = Model;
			sourceTree = "<group>";
		};
		0319E5D31D0FE748000A79E3 /* View */ = {
			isa = PBXGroup;
			children = (
			);
			path = View;
			sourceTree = "<group>";
		};
		0319E5D41D0FE748000A79E3 /* Main */ = {
			isa = PBXGroup;
			children = (
				0319E5E61D0FE7E1000A79E3 /* Category */,
				0319E5E71D0FE7E1000A79E3 /* Controller */,
				0319E5E81D0FE7E1000A79E3 /* Model */,
				0319E5E91D0FE7E1000A79E3 /* View */,
			);
			path = Main;
			sourceTree = "<group>";
		};
		0319E5D51D0FE748000A79E3 /* Mine */ = {
			isa = PBXGroup;
			children = (
				0319E5D61D0FE748000A79E3 /* Controller */,
				0319E5D71D0FE748000A79E3 /* Model */,
				0319E5D81D0FE748000A79E3 /* View */,
			);
			path = Mine;
			sourceTree = "<group>";
		};
		0319E5D61D0FE748000A79E3 /* Controller */ = {
			isa = PBXGroup;
			children = (
				0381F0B41D26B5BB00324AE5 /* XAlertViewHelper.h */,
				0381F0B51D26B5BB00324AE5 /* XAlertViewHelper.m */,
				03E065181D10204600030F17 /* MineViewController.h */,
				03E065191D10204600030F17 /* MineViewController.m */,
				0381F0B11D26878F00324AE5 /* LoginPage.h */,
				0381F0B21D26878F00324AE5 /* LoginPage.m */,
				0381F0AE1D2682A900324AE5 /* AccountManagePage.h */,
				0381F0AF1D2682A900324AE5 /* AccountManagePage.m */,
				0381F0A51D267FF700324AE5 /* RegistPage.h */,
				0381F0A61D267FF700324AE5 /* RegistPage.m */,
				0381F0A81D26805000324AE5 /* RegistPageSecondStep.h */,
				0381F0A91D26805000324AE5 /* RegistPageSecondStep.m */,
				0381F0AB1D26806500324AE5 /* RegistPageThirdStep.h */,
				0381F0AC1D26806500324AE5 /* RegistPageThirdStep.m */,
				0381F0A21D265E7700324AE5 /* InputTextViewController.h */,
				0381F0A31D265E7700324AE5 /* InputTextViewController.m */,
			);
			path = Controller;
			sourceTree = "<group>";
		};
		0319E5D71D0FE748000A79E3 /* Model */ = {
			isa = PBXGroup;
			children = (
			);
			path = Model;
			sourceTree = "<group>";
		};
		0319E5D81D0FE748000A79E3 /* View */ = {
			isa = PBXGroup;
			children = (
			);
			path = View;
			sourceTree = "<group>";
		};
		0319E5D91D0FE748000A79E3 /* Temp */ = {
			isa = PBXGroup;
			children = (
			);
			path = Temp;
			sourceTree = "<group>";
		};
		0319E5DA1D0FE748000A79E3 /* CoreData */ = {
			isa = PBXGroup;
			children = (
				0319E5DB1D0FE748000A79E3 /* Controller */,
				0319E5DC1D0FE748000A79E3 /* Model */,
				0319E5DD1D0FE748000A79E3 /* View */,
			);
			name = CoreData;
			path = "untitled folder copy 4";
			sourceTree = "<group>";
		};
		0319E5DB1D0FE748000A79E3 /* Controller */ = {
			isa = PBXGroup;
			children = (
				03FB47021D1A4AF2005585DB /* CostDescribe+CoreDataProperties.h */,
				03FB47031D1A4AF2005585DB /* CostDescribe+CoreDataProperties.m */,
				03FB47041D1A4AF2005585DB /* CostDescribe.h */,
				03FB47051D1A4AF2005585DB /* CostDescribe.m */,
				03FB47061D1A4AF2005585DB /* IncomeDescribe+CoreDataProperties.h */,
				03FB47071D1A4AF2005585DB /* IncomeDescribe+CoreDataProperties.m */,
				03FB47081D1A4AF2005585DB /* IncomeDescribe.h */,
				03FB47091D1A4AF2005585DB /* IncomeDescribe.m */,
				03A70DFE1D1A21BC007010B6 /* DescribePlist+CoreDataProperties.h */,
				03A70DFF1D1A21BC007010B6 /* DescribePlist+CoreDataProperties.m */,
				03A70E001D1A21BC007010B6 /* DescribePlist.h */,
				03A70E011D1A21BC007010B6 /* DescribePlist.m */,
				0339789A1D19850D00E9092A /* CoreDataRecord+CoreDataProperties.h */,
				0339789B1D19850D00E9092A /* CoreDataRecord+CoreDataProperties.m */,
				0339789C1D19850D00E9092A /* CoreDataRecord.h */,
				0339789D1D19850D00E9092A /* CoreDataRecord.m */,
			);
			path = Controller;
			sourceTree = "<group>";
		};
		0319E5DC1D0FE748000A79E3 /* Model */ = {
			isa = PBXGroup;
			children = (
			);
			path = Model;
			sourceTree = "<group>";
		};
		0319E5DD1D0FE748000A79E3 /* View */ = {
			isa = PBXGroup;
			children = (
			);
			path = View;
			sourceTree = "<group>";
		};
		0319E5DE1D0FE748000A79E3 /* Wallet */ = {
			isa = PBXGroup;
			children = (
				0319E5DF1D0FE748000A79E3 /* Controller */,
				0319E5E01D0FE748000A79E3 /* Model */,
				0319E5E11D0FE748000A79E3 /* View */,
			);
			path = Wallet;
			sourceTree = "<group>";
		};
		0319E5DF1D0FE748000A79E3 /* Controller */ = {
			isa = PBXGroup;
			children = (
				03E0651B1D10207100030F17 /* WalletViewController.h */,
				03E0651C1D10207100030F17 /* WalletViewController.m */,
			);
			path = Controller;
			sourceTree = "<group>";
		};
		0319E5E01D0FE748000A79E3 /* Model */ = {
			isa = PBXGroup;
			children = (
			);
			path = Model;
			sourceTree = "<group>";
		};
		0319E5E11D0FE748000A79E3 /* View */ = {
			isa = PBXGroup;
			children = (
			);
			path = View;
			sourceTree = "<group>";
		};
		0319E5E61D0FE7E1000A79E3 /* Category */ = {
			isa = PBXGroup;
			children = (
				0319E5F71D0FED6E000A79E3 /* UIView+SetSize.h */,
				0319E5F81D0FED6E000A79E3 /* UIView+SetSize.m */,
				03BC14471D15A08E00EE131C /* NSObject+FileWithBundle.h */,
				03BC14481D15A08E00EE131C /* NSObject+FileWithBundle.m */,
				0319E5F41D0FEA4D000A79E3 /* UIBarButtonItem+CustomItem.h */,
				0319E5F51D0FEA4D000A79E3 /* UIBarButtonItem+CustomItem.m */,
			);
			path = Category;
			sourceTree = "<group>";
		};
		0319E5E71D0FE7E1000A79E3 /* Controller */ = {
			isa = PBXGroup;
			children = (
				0319E5EA1D0FE8A4000A79E3 /* MainViewController.h */,
				0319E5EB1D0FE8A4000A79E3 /* MainViewController.m */,
				03E065271D1021C800030F17 /* XNavigationController.h */,
				03E065281D1021C800030F17 /* XNavigationController.m */,
				0319E5ED1D0FE8DB000A79E3 /* NewfeatureViewController.h */,
				0319E5EE1D0FE8DB000A79E3 /* NewfeatureViewController.m */,
			);
			path = Controller;
			sourceTree = "<group>";
		};
		0319E5E81D0FE7E1000A79E3 /* Model */ = {
			isa = PBXGroup;
			children = (
				03019F671D1396CD0009D5B4 /* ShareData.h */,
				03019F681D1396CD0009D5B4 /* ShareData.m */,
			);
			path = Model;
			sourceTree = "<group>";
		};
		0319E5E91D0FE7E1000A79E3 /* View */ = {
			isa = PBXGroup;
			children = (
				0319E5FC1D10020F000A79E3 /* XTabBar.h */,
				0319E5FD1D10020F000A79E3 /* XTabBar.m */,
			);
			path = View;
			sourceTree = "<group>";
		};
		03D1E3B41D11861A00B4EF21 /* FrameWorks */ = {
			isa = PBXGroup;
			children = (
				03D1E3C11D11874C00B4EF21 /* CoreLocation.framework */,
				03D1E3BF1D11874400B4EF21 /* CoreTelephony.framework */,
				03D1E3BD1D11873500B4EF21 /* MobileCoreServices.framework */,
				03D1E3BB1D11872B00B4EF21 /* SystemConfiguration.framework */,
				03D1E3B51D11865000B4EF21 /* AVOSCloud.framework */,
				03D1E3B61D11865000B4EF21 /* AVOSCloudCrashReporting.framework */,
				03D1E3B71D11865000B4EF21 /* AVOSCloudIM.framework */,
			);
			name = FrameWorks;
			sourceTree = "<group>";
		};
/* End PBXGroup section */

/* Begin PBXNativeTarget section */
		0319E5A61D0FE361000A79E3 /* account book */ = {
			isa = PBXNativeTarget;
			buildConfigurationList = 0319E5BE1D0FE362000A79E3 /* Build configuration list for PBXNativeTarget "account book" */;
			buildPhases = (
				0319E5A31D0FE361000A79E3 /* Sources */,
				0319E5A41D0FE361000A79E3 /* Frameworks */,
				0319E5A51D0FE361000A79E3 /* Resources */,
			);
			buildRules = (
			);
			dependencies = (
			);
			name = "account book";
			productName = "account book";
			productReference = 0319E5A71D0FE361000A79E3 /* account book.app */;
			productType = "com.apple.product-type.application";
		};
/* End PBXNativeTarget section */

/* Begin PBXProject section */
		0319E59F1D0FE361000A79E3 /* Project object */ = {
			isa = PBXProject;
			attributes = {
				LastUpgradeCheck = 0730;
				ORGANIZATIONNAME = xionghuanxin;
				TargetAttributes = {
					0319E5A61D0FE361000A79E3 = {
						CreatedOnToolsVersion = 7.3.1;
						DevelopmentTeam = PBRT9CT95H;
					};
				};
			};
			buildConfigurationList = 0319E5A21D0FE361000A79E3 /* Build configuration list for PBXProject "account book" */;
			compatibilityVersion = "Xcode 3.2";
			developmentRegion = English;
			hasScannedForEncodings = 0;
			knownRegions = (
				en,
				Base,
			);
			mainGroup = 0319E59E1D0FE361000A79E3;
			productRefGroup = 0319E5A81D0FE361000A79E3 /* Products */;
			projectDirPath = "";
			projectRoot = "";
			targets = (
				0319E5A61D0FE361000A79E3 /* account book */,
			);
		};
/* End PBXProject section */

/* Begin PBXResourcesBuildPhase section */
		0319E5A51D0FE361000A79E3 /* Resources */ = {
			isa = PBXResourcesBuildPhase;
			buildActionMask = 2147483647;
			files = (
				039A0DF01D196050001FE4F5 /* account book copy-Info.plist in Resources */,
				03BC14401D15833B00EE131C /* image in Resources */,
				030CA12A1D13F5BD00457A29 /* lunch.storyboard in Resources */,
				03F369C21D16EDCD005DBFA5 /* type.plist in Resources */,
				03D1E3CC1D11A47800B4EF21 /* Assets.xcassets in Resources */,
				8A7FB5011D180E7D00F75469 /* 1.jpg in Resources */,
			);
			runOnlyForDeploymentPostprocessing = 0;
		};
/* End PBXResourcesBuildPhase section */

/* Begin PBXSourcesBuildPhase section */
		0319E5A31D0FE361000A79E3 /* Sources */ = {
			isa = PBXSourcesBuildPhase;
			buildActionMask = 2147483647;
			files = (
				03A70E031D1A21BC007010B6 /* DescribePlist.m in Sources */,
				0381F0B31D26878F00324AE5 /* LoginPage.m in Sources */,
				03E065291D1021C800030F17 /* XNavigationController.m in Sources */,
				03FB470D1D1A4AF2005585DB /* IncomeDescribe.m in Sources */,
				035D16441D12840000BEBD97 /* DetailScroll.m in Sources */,
				0339789E1D19850D00E9092A /* CoreDataRecord+CoreDataProperties.m in Sources */,
				03BC144F1D162C3900EE131C /* Record.m in Sources */,
				03FB470C1D1A4AF2005585DB /* IncomeDescribe+CoreDataProperties.m in Sources */,
				03BC14521D1678B800EE131C /* DisplayView.m in Sources */,
				0319E5FE1D10020F000A79E3 /* XTabBar.m in Sources */,
				0319E5F61D0FEA4D000A79E3 /* UIBarButtonItem+CustomItem.m in Sources */,
				035D16471D129C3500BEBD97 /* DetailCell.m in Sources */,
				03A3FBB91D103A480063A9EA /* AccountData.xcdatamodeld in Sources */,
				0319E5EF1D0FE8DB000A79E3 /* NewfeatureViewController.m in Sources */,
				03F369C51D16F205005DBFA5 /* CustomCollectionViewCell.m in Sources */,
				03BC144C1D1629D900EE131C /* AccountRecordData.m in Sources */,
				0305BD601D1540E500FD242C /* CaculatorViewController.m in Sources */,
				0339789F1D19850D00E9092A /* CoreDataRecord.m in Sources */,
				030CA12F1D144D2600457A29 /* KeyBoardView.m in Sources */,
				0305BD4F1D14E55F00FD242C /* IncomeCollection.m in Sources */,
				035D16411D1283CC00BEBD97 /* DetailTable.m in Sources */,
				03E065231D10209000030F17 /* AddOneViewController.m in Sources */,
				03E0651A1D10204600030F17 /* MineViewController.m in Sources */,
				0319E5AF1D0FE362000A79E3 /* AppDelegate.m in Sources */,
				0381F0B61D26B5BB00324AE5 /* XAlertViewHelper.m in Sources */,
				0319E5AC1D0FE362000A79E3 /* main.m in Sources */,
				0305BD521D14E57B00FD242C /* CostCollection.m in Sources */,
				0381F0A71D267FF700324AE5 /* RegistPage.m in Sources */,
				03E065201D10208200030F17 /* DetailViewController.m in Sources */,
				0305BD551D14E59D00FD242C /* TransferCollection.m in Sources */,
				0319E5F91D0FED6E000A79E3 /* UIView+SetSize.m in Sources */,
				03A70E021D1A21BC007010B6 /* DescribePlist+CoreDataProperties.m in Sources */,
				03E065261D1020A100030F17 /* GraphViewController.m in Sources */,
				03BC14491D15A08E00EE131C /* NSObject+FileWithBundle.m in Sources */,
				0381F0A41D265E7700324AE5 /* InputTextViewController.m in Sources */,
				0319E5EC1D0FE8A4000A79E3 /* MainViewController.m in Sources */,
				03E0651D1D10207100030F17 /* WalletViewController.m in Sources */,
				0381F0AD1D26806500324AE5 /* RegistPageThirdStep.m in Sources */,
				03FB470A1D1A4AF2005585DB /* CostDescribe+CoreDataProperties.m in Sources */,
				033978A61D19B5F100E9092A /* CoreDataManager.m in Sources */,
				03FB470B1D1A4AF2005585DB /* CostDescribe.m in Sources */,
				03019F691D1396CD0009D5B4 /* ShareData.m in Sources */,
				0381F0AA1D26805000324AE5 /* RegistPageSecondStep.m in Sources */,
				0381F0B01D2682A900324AE5 /* AccountManagePage.m in Sources */,
			);
			runOnlyForDeploymentPostprocessing = 0;
		};
/* End PBXSourcesBuildPhase section */

/* Begin XCBuildConfiguration section */
		0319E5BC1D0FE362000A79E3 /* Debug */ = {
			isa = XCBuildConfiguration;
			buildSettings = {
				ALWAYS_SEARCH_USER_PATHS = NO;
				CLANG_ANALYZER_NONNULL = YES;
				CLANG_CXX_LANGUAGE_STANDARD = "gnu++0x";
				CLANG_CXX_LIBRARY = "libc++";
				CLANG_ENABLE_MODULES = YES;
				CLANG_ENABLE_OBJC_ARC = YES;
				CLANG_WARN_BOOL_CONVERSION = YES;
				CLANG_WARN_CONSTANT_CONVERSION = YES;
				CLANG_WARN_DIRECT_OBJC_ISA_USAGE = YES_ERROR;
				CLANG_WARN_EMPTY_BODY = YES;
				CLANG_WARN_ENUM_CONVERSION = YES;
				CLANG_WARN_INT_CONVERSION = YES;
				CLANG_WARN_OBJC_ROOT_CLASS = YES_ERROR;
				CLANG_WARN_UNREACHABLE_CODE = YES;
				CLANG_WARN__DUPLICATE_METHOD_MATCH = YES;
				"CODE_SIGN_IDENTITY[sdk=iphoneos*]" = "iPhone Developer";
				COPY_PHASE_STRIP = NO;
				DEBUG_INFORMATION_FORMAT = dwarf;
				ENABLE_STRICT_OBJC_MSGSEND = YES;
				ENABLE_TESTABILITY = YES;
				GCC_C_LANGUAGE_STANDARD = gnu99;
				GCC_DYNAMIC_NO_PIC = NO;
				GCC_NO_COMMON_BLOCKS = YES;
				GCC_OPTIMIZATION_LEVEL = 0;
				GCC_PREPROCESSOR_DEFINITIONS = (
					"DEBUG=1",
					"$(inherited)",
				);
				GCC_WARN_64_TO_32_BIT_CONVERSION = YES;
				GCC_WARN_ABOUT_RETURN_TYPE = YES_ERROR;
				GCC_WARN_UNDECLARED_SELECTOR = YES;
				GCC_WARN_UNINITIALIZED_AUTOS = YES_AGGRESSIVE;
				GCC_WARN_UNUSED_FUNCTION = YES;
				GCC_WARN_UNUSED_VARIABLE = YES;
				IPHONEOS_DEPLOYMENT_TARGET = 9.2;
				MTL_ENABLE_DEBUG_INFO = YES;
				ONLY_ACTIVE_ARCH = YES;
				SDKROOT = iphoneos;
				TARGETED_DEVICE_FAMILY = "1,2";
			};
			name = Debug;
		};
		0319E5BD1D0FE362000A79E3 /* Release */ = {
			isa = XCBuildConfiguration;
			buildSettings = {
				ALWAYS_SEARCH_USER_PATHS = NO;
				CLANG_ANALYZER_NONNULL = YES;
				CLANG_CXX_LANGUAGE_STANDARD = "gnu++0x";
				CLANG_CXX_LIBRARY = "libc++";
				CLANG_ENABLE_MODULES = YES;
				CLANG_ENABLE_OBJC_ARC = YES;
				CLANG_WARN_BOOL_CONVERSION = YES;
				CLANG_WARN_CONSTANT_CONVERSION = YES;
				CLANG_WARN_DIRECT_OBJC_ISA_USAGE = YES_ERROR;
				CLANG_WARN_EMPTY_BODY = YES;
				CLANG_WARN_ENUM_CONVERSION = YES;
				CLANG_WARN_INT_CONVERSION = YES;
				CLANG_WARN_OBJC_ROOT_CLASS = YES_ERROR;
				CLANG_WARN_UNREACHABLE_CODE = YES;
				CLANG_WARN__DUPLICATE_METHOD_MATCH = YES;
				"CODE_SIGN_IDENTITY[sdk=iphoneos*]" = "iPhone Developer";
				COPY_PHASE_STRIP = NO;
				DEBUG_INFORMATION_FORMAT = "dwarf-with-dsym";
				ENABLE_NS_ASSERTIONS = NO;
				ENABLE_STRICT_OBJC_MSGSEND = YES;
				GCC_C_LANGUAGE_STANDARD = gnu99;
				GCC_NO_COMMON_BLOCKS = YES;
				GCC_WARN_64_TO_32_BIT_CONVERSION = YES;
				GCC_WARN_ABOUT_RETURN_TYPE = YES_ERROR;
				GCC_WARN_UNDECLARED_SELECTOR = YES;
				GCC_WARN_UNINITIALIZED_AUTOS = YES_AGGRESSIVE;
				GCC_WARN_UNUSED_FUNCTION = YES;
				GCC_WARN_UNUSED_VARIABLE = YES;
				IPHONEOS_DEPLOYMENT_TARGET = 9.2;
				MTL_ENABLE_DEBUG_INFO = NO;
				SDKROOT = iphoneos;
				TARGETED_DEVICE_FAMILY = "1,2";
				VALIDATE_PRODUCT = YES;
			};
			name = Release;
		};
		0319E5BF1D0FE362000A79E3 /* Debug */ = {
			isa = XCBuildConfiguration;
			buildSettings = {
				ASSETCATALOG_COMPILER_APPICON_NAME = AppIcon;
				FRAMEWORK_SEARCH_PATHS = (
					"$(inherited)",
					"$(PROJECT_DIR)",
				);
				GCC_PRECOMPILE_PREFIX_HEADER = YES;
				GCC_PREFIX_HEADER = "$(SRCROOT)/account book/PrefixHeader.pch";
				INFOPLIST_FILE = "account book/Info.plist";
				IPHONEOS_DEPLOYMENT_TARGET = 9.2;
				LD_RUNPATH_SEARCH_PATHS = "$(inherited) @executable_path/Frameworks";
				OTHER_LDFLAGS = (
					"-lz",
					"-licucore",
					"-objc",
					"-lc++",
					"-lsqlite3",
				);
				PRODUCT_BUNDLE_IDENTIFIER = "xhx.account-book";
				PRODUCT_NAME = "$(TARGET_NAME)";
			};
			name = Debug;
		};
		0319E5C01D0FE362000A79E3 /* Release */ = {
			isa = XCBuildConfiguration;
			buildSettings = {
				ASSETCATALOG_COMPILER_APPICON_NAME = AppIcon;
				FRAMEWORK_SEARCH_PATHS = (
					"$(inherited)",
					"$(PROJECT_DIR)",
				);
				GCC_PRECOMPILE_PREFIX_HEADER = YES;
				GCC_PREFIX_HEADER = "$(SRCROOT)/account book/PrefixHeader.pch";
				INFOPLIST_FILE = "account book/Info.plist";
				IPHONEOS_DEPLOYMENT_TARGET = 9.2;
				LD_RUNPATH_SEARCH_PATHS = "$(inherited) @executable_path/Frameworks";
				OTHER_LDFLAGS = (
					"-lz",
					"-licucore",
					"-objc",
					"-lc++",
					"-lsqlite3",
				);
				PRODUCT_BUNDLE_IDENTIFIER = "xhx.account-book";
				PRODUCT_NAME = "$(TARGET_NAME)";
			};
			name = Release;
		};
/* End XCBuildConfiguration section */

/* Begin XCConfigurationList section */
		0319E5A21D0FE361000A79E3 /* Build configuration list for PBXProject "account book" */ = {
			isa = XCConfigurationList;
			buildConfigurations = (
				0319E5BC1D0FE362000A79E3 /* Debug */,
				0319E5BD1D0FE362000A79E3 /* Release */,
			);
			defaultConfigurationIsVisible = 0;
			defaultConfigurationName = Release;
		};
		0319E5BE1D0FE362000A79E3 /* Build configuration list for PBXNativeTarget "account book" */ = {
			isa = XCConfigurationList;
			buildConfigurations = (
				0319E5BF1D0FE362000A79E3 /* Debug */,
				0319E5C01D0FE362000A79E3 /* Release */,
			);
			defaultConfigurationIsVisible = 0;
			defaultConfigurationName = Release;
		};
/* End XCConfigurationList section */

/* Begin XCVersionGroup section */
		03A3FBB71D103A480063A9EA /* AccountData.xcdatamodeld */ = {
			isa = XCVersionGroup;
			children = (
				03A3FBB81D103A480063A9EA /* AccountData.xcdatamodel */,
			);
			currentVersion = 03A3FBB81D103A480063A9EA /* AccountData.xcdatamodel */;
			path = AccountData.xcdatamodeld;
			sourceTree = "<group>";
			versionGroupType = wrapper.xcdatamodel;
		};
/* End XCVersionGroup section */
	};
	rootObject = 0319E59F1D0FE361000A79E3 /* Project object */;
}
